
Microsoft Visual Studio Solution File, Format Version 12.00
Project("{FAE04EC0-301F-11D3-BF4B-00C04F79EFBC}") = "RefactoringTennisGame1", "RefactoringTennisGame1\RefactoringTennisGame1.csproj", "{C6DE4BB0-76EC-40F7-8C23-B54CAA9EC05F}"
EndProject
Project("{FAE04EC0-301F-11D3-BF4B-00C04F79EFBC}") = "RefactoringTennisGameTest", "RefactoringTennisGameTest\RefactoringTennisGameTest.csproj", "{9EFAD455-A03A-4330-91C5-3A6E91797BD6}"
EndProject
Global
	GlobalSection(SolutionConfigurationPlatforms) = preSolution
		Debug|Any CPU = Debug|Any CPU
		Release|Any CPU = Release|Any CPU
	EndGlobalSection
	GlobalSection(ProjectConfigurationPlatforms) = postSolution
		{C6DE4BB0-76EC-40F7-8C23-B54CAA9EC05F}.Debug|Any CPU.ActiveCfg = Debug|Any CPU
		{C6DE4BB0-76EC-40F7-8C23-B54CAA9EC05F}.Debug|Any CPU.Build.0 = Debug|Any CPU
		{C6DE4BB0-76EC-40F7-8C23-B54CAA9EC05F}.Release|Any CPU.ActiveCfg = Release|Any CPU
		{C6DE4BB0-76EC-40F7-8C23-B54CAA9EC05F}.Release|Any CPU.Build.0 = Release|Any CPU
		{9EFAD455-A03A-4330-91C5-3A6E91797BD6}.Debug|Any CPU.ActiveCfg = Debug|Any CPU
		{9EFAD455-A03A-4330-91C5-3A6E91797BD6}.Debug|Any CPU.Build.0 = Debug|Any CPU
		{9EFAD455-A03A-4330-91C5-3A6E91797BD6}.Release|Any CPU.ActiveCfg = Release|Any CPU
		{9EFAD455-A03A-4330-91C5-3A6E91797BD6}.Release|Any CPU.Build.0 = Release|Any CPU
	EndGlobalSection
EndGlobal
